
Microsoft Visual Studio Solution File, Format Version 12.00
# Visual Studio Version 17
VisualStudioVersion = 17.13.35913.81
MinimumVisualStudioVersion = 10.0.40219.1
Project("{FAE04EC0-301F-11D3-BF4B-00C04F79EFBC}") = "4Time", "4Time.csproj", "{32CC6E16-172D-4DA7-8A58-4F791244D447}"
EndProject
Global
	GlobalSection(SolutionConfigurationPlatforms) = preSolution
		Debug|Any CPU = Debug|Any CPU
		Debug|x64 = Debug|x64
		Release|Any CPU = Release|Any CPU
		Release|x64 = Release|x64
	EndGlobalSection
	GlobalSection(ProjectConfigurationPlatforms) = postSolution
		{32CC6E16-172D-4DA7-8A58-4F791244D447}.Debug|Any CPU.ActiveCfg = Debug|Any CPU
		{32CC6E16-172D-4DA7-8A58-4F791244D447}.Debug|Any CPU.Build.0 = Debug|Any CPU
		{32CC6E16-172D-4DA7-8A58-4F791244D447}.Debug|x64.ActiveCfg = Debug|x64
		{32CC6E16-172D-4DA7-8A58-4F791244D447}.Debug|x64.Build.0 = Debug|x64
		{32CC6E16-172D-4DA7-8A58-4F791244D447}.Release|Any CPU.ActiveCfg = Release|Any CPU
		{32CC6E16-172D-4DA7-8A58-4F791244D447}.Release|Any CPU.Build.0 = Release|Any CPU
		{32CC6E16-172D-4DA7-8A58-4F791244D447}.Release|x64.ActiveCfg = Release|x64
		{32CC6E16-172D-4DA7-8A58-4F791244D447}.Release|x64.Build.0 = Release|x64
	EndGlobalSection
	GlobalSection(SolutionProperties) = preSolution
		HideSolutionNode = FALSE
	EndGlobalSection
	GlobalSection(ExtensibilityGlobals) = postSolution
		SolutionGuid = {B92B3BD4-F0EE-4DA4-8C28-2A4BC48B016B}
	EndGlobalSection
EndGlobal
